
Microsoft Visual Studio Solution File, Format Version 12.00
# Visual Studio Version 17
VisualStudioVersion = 17.14.36221.1 d17.14
MinimumVisualStudioVersion = 10.0.40219.1
Project("{FAE04EC0-301F-11D3-BF4B-00C04F79EFBC}") = "BooksMVC", "BooksMVC\BooksMVC.csproj", "{98E833D5-B6D3-4170-9488-0231A6F78201}"
EndProject
Global
	GlobalSection(SolutionConfigurationPlatforms) = preSolution
		Debug|Any CPU = Debug|Any CPU
		Release|Any CPU = Release|Any CPU
	EndGlobalSection
	GlobalSection(ProjectConfigurationPlatforms) = postSolution
		{98E833D5-B6D3-4170-9488-0231A6F78201}.Debug|Any CPU.ActiveCfg = Debug|Any CPU
		{98E833D5-B6D3-4170-9488-0231A6F78201}.Debug|Any CPU.Build.0 = Debug|Any CPU
		{98E833D5-B6D3-4170-9488-0231A6F78201}.Release|Any CPU.ActiveCfg = Release|Any CPU
		{98E833D5-B6D3-4170-9488-0231A6F78201}.Release|Any CPU.Build.0 = Release|Any CPU
	EndGlobalSection
	GlobalSection(SolutionProperties) = preSolution
		HideSolutionNode = FALSE
	EndGlobalSection
	GlobalSection(ExtensibilityGlobals) = postSolution
		SolutionGuid = {13A2FB7F-B925-4BAC-BA86-9BDD766C7ADB}
	EndGlobalSection
EndGlobal
